
Microsoft Visual Studio Solution File, Format Version 12.00
# Visual Studio Version 16
VisualStudioVersion = 16.0.28516.95
MinimumVisualStudioVersion = 10.0.40219.1
Project("{9A19103F-16F7-4668-BE54-9A1E7A4F7556}") = "IEvangelist.SignalR.Chat", "IEvangelist.SignalR.Chat\IEvangelist.SignalR.Chat.csproj", "{571D6F94-CAEB-4562-938B-CB6EF72BA144}"
EndProject
Project("{9A19103F-16F7-4668-BE54-9A1E7A4F7556}") = "BlazingChatter.Server", "BlazingChatter\Server\BlazingChatter.Server.csproj", "{04C183CE-D8D2-434D-A082-2982095D09F9}"
EndProject
Project("{9A19103F-16F7-4668-BE54-9A1E7A4F7556}") = "BlazingChatter.Client", "BlazingChatter\Client\BlazingChatter.Client.csproj", "{B617CD3D-AC4E-4C69-BA2F-E3D6FF61051E}"
EndProject
Project("{9A19103F-16F7-4668-BE54-9A1E7A4F7556}") = "BlazingChatter.Shared", "BlazingChatter\Shared\BlazingChatter.Shared.csproj", "{E2874FA2-340A-4007-A0E4-8289DBBC3606}"
EndProject
Global
	GlobalSection(SolutionConfigurationPlatforms) = preSolution
		Debug|Any CPU = Debug|Any CPU
		Release|Any CPU = Release|Any CPU
	EndGlobalSection
	GlobalSection(ProjectConfigurationPlatforms) = postSolution
		{571D6F94-CAEB-4562-938B-CB6EF72BA144}.Debug|Any CPU.ActiveCfg = Debug|Any CPU
		{571D6F94-CAEB-4562-938B-CB6EF72BA144}.Debug|Any CPU.Build.0 = Debug|Any CPU
		{571D6F94-CAEB-4562-938B-CB6EF72BA144}.Release|Any CPU.ActiveCfg = Release|Any CPU
		{571D6F94-CAEB-4562-938B-CB6EF72BA144}.Release|Any CPU.Build.0 = Release|Any CPU
		{04C183CE-D8D2-434D-A082-2982095D09F9}.Debug|Any CPU.ActiveCfg = Debug|Any CPU
		{04C183CE-D8D2-434D-A082-2982095D09F9}.Debug|Any CPU.Build.0 = Debug|Any CPU
		{04C183CE-D8D2-434D-A082-2982095D09F9}.Release|Any CPU.ActiveCfg = Release|Any CPU
		{04C183CE-D8D2-434D-A082-2982095D09F9}.Release|Any CPU.Build.0 = Release|Any CPU
		{B617CD3D-AC4E-4C69-BA2F-E3D6FF61051E}.Debug|Any CPU.ActiveCfg = Debug|Any CPU
		{B617CD3D-AC4E-4C69-BA2F-E3D6FF61051E}.Debug|Any CPU.Build.0 = Debug|Any CPU
		{B617CD3D-AC4E-4C69-BA2F-E3D6FF61051E}.Release|Any CPU.ActiveCfg = Release|Any CPU
		{B617CD3D-AC4E-4C69-BA2F-E3D6FF61051E}.Release|Any CPU.Build.0 = Release|Any CPU
		{E2874FA2-340A-4007-A0E4-8289DBBC3606}.Debug|Any CPU.ActiveCfg = Debug|Any CPU
		{E2874FA2-340A-4007-A0E4-8289DBBC3606}.Debug|Any CPU.Build.0 = Debug|Any CPU
		{E2874FA2-340A-4007-A0E4-8289DBBC3606}.Release|Any CPU.ActiveCfg = Release|Any CPU
		{E2874FA2-340A-4007-A0E4-8289DBBC3606}.Release|Any CPU.Build.0 = Release|Any CPU
	EndGlobalSection
	GlobalSection(SolutionProperties) = preSolution
		HideSolutionNode = FALSE
	EndGlobalSection
	GlobalSection(ExtensibilityGlobals) = postSolution
		SolutionGuid = {E8DBE648-6116-4C1E-8193-67AC4BA77551}
	EndGlobalSection
EndGlobal
