
Microsoft Visual Studio Solution File, Format Version 12.00
# Visual Studio 15
VisualStudioVersion = 15.0.28307.168
MinimumVisualStudioVersion = 10.0.40219.1
Project("{FAE04EC0-301F-11D3-BF4B-00C04F79EFBC}") = "IEvangelist.SignalR.Chat", "IEvangelist.SignalR.Chat\IEvangelist.SignalR.Chat.csproj", "{20DE0D3C-7A36-4783-AAF0-3C81783A2F60}"
EndProject
Global
	GlobalSection(SolutionConfigurationPlatforms) = preSolution
		Debug|Any CPU = Debug|Any CPU
		Release|Any CPU = Release|Any CPU
	EndGlobalSection
	GlobalSection(ProjectConfigurationPlatforms) = postSolution
		{20DE0D3C-7A36-4783-AAF0-3C81783A2F60}.Debug|Any CPU.ActiveCfg = Debug|Any CPU
		{20DE0D3C-7A36-4783-AAF0-3C81783A2F60}.Debug|Any CPU.Build.0 = Debug|Any CPU
		{20DE0D3C-7A36-4783-AAF0-3C81783A2F60}.Release|Any CPU.ActiveCfg = Release|Any CPU
		{20DE0D3C-7A36-4783-AAF0-3C81783A2F60}.Release|Any CPU.Build.0 = Release|Any CPU
	EndGlobalSection
	GlobalSection(SolutionProperties) = preSolution
		HideSolutionNode = FALSE
	EndGlobalSection
	GlobalSection(ExtensibilityGlobals) = postSolution
		SolutionGuid = {8D648840-6CC9-48FA-BB12-8B5E3D6CAEA5}
	EndGlobalSection
EndGlobal
